// !$*UTF8*$!
{
	archiveVersion = 1;
	classes = {
	};
	objectVersion = 77;
	objects = {

/* Begin PBXBuildFile section */
		13C2A4A8E86350C845C96532 /* FipsProbeApp.swift in Sources */ = {isa = PBXBuildFile; fileRef = 21CDDA5F827D680CD6370BE0 /* FipsProbeApp.swift */; };
		2B93E0F9FECA63E80CDB03D9 /* ContentView.swift in Sources */ = {isa = PBXBuildFile; fileRef = 67800EFE4830BB8CF39D94F5 /* ContentView.swift */; };
		DE222B390C2C54E580F985E5 /* FipsModel.swift in Sources */ = {isa = PBXBuildFile; fileRef = C2C70086DC76A99792CA3657 /* FipsModel.swift */; };
/* End PBXBuildFile section */

/* Begin PBXFileReference section */
		12E83F3C6FE1C58D013E06EB /* FipsProbe-Bridging-Header.h */ = {isa = PBXFileReference; lastKnownFileType = sourcecode.c.h; path = "FipsProbe-Bridging-Header.h"; sourceTree = "<group>"; };
		21CDDA5F827D680CD6370BE0 /* FipsProbeApp.swift */ = {isa = PBXFileReference; lastKnownFileType = sourcecode.swift; path = FipsProbeApp.swift; sourceTree = "<group>"; };
		58CBF61A4B2C951F69D27DAA /* FipsProbe.app */ = {isa = PBXFileReference; includeInIndex = 0; lastKnownFileType = wrapper.application; path = FipsProbe.app; sourceTree = BUILT_PRODUCTS_DIR; };
		67800EFE4830BB8CF39D94F5 /* ContentView.swift */ = {isa = PBXFileReference; lastKnownFileType = sourcecode.swift; path = ContentView.swift; sourceTree = "<group>"; };
		C2C70086DC76A99792CA3657 /* FipsModel.swift */ = {isa = PBXFileReference; lastKnownFileType = sourcecode.swift; path = FipsModel.swift; sourceTree = "<group>"; };
		CCAF794508AC3459F329DF35 /* fips_bridge.h */ = {isa = PBXFileReference; lastKnownFileType = sourcecode.c.h; path = fips_bridge.h; sourceTree = "<group>"; };
/* End PBXFileReference section */

/* Begin PBXGroup section */
		0842E5F976BCD85DB6FAFB43 = {
			isa = PBXGroup;
			children = (
				2E3316DBA69489E1EC7E8863 /* Sources */,
				1ABCDB8B747EF6A252FDEB87 /* Products */,
			);
			sourceTree = "<group>";
		};
		1ABCDB8B747EF6A252FDEB87 /* Products */ = {
			isa = PBXGroup;
			children = (
				58CBF61A4B2C951F69D27DAA /* FipsProbe.app */,
			);
			name = Products;
			sourceTree = "<group>";
		};
		2E3316DBA69489E1EC7E8863 /* Sources */ = {
			isa = PBXGroup;
			children = (
				67800EFE4830BB8CF39D94F5 /* ContentView.swift */,
				CCAF794508AC3459F329DF35 /* fips_bridge.h */,
				C2C70086DC76A99792CA3657 /* FipsModel.swift */,
				12E83F3C6FE1C58D013E06EB /* FipsProbe-Bridging-Header.h */,
				21CDDA5F827D680CD6370BE0 /* FipsProbeApp.swift */,
			);
			path = Sources;
			sourceTree = "<group>";
		};
/* End PBXGroup section */

/* Begin PBXNativeTarget section */
		CA8F344ADC5F6630DC1E4B31 /* FipsProbe */ = {
			isa = PBXNativeTarget;
			buildConfigurationList = 066F5DBB4C3394A774634169 /* Build configuration list for PBXNativeTarget "FipsProbe" */;
			buildPhases = (
				7266D24B7C979C6459DCA259 /* Build FIPS Rust Library */,
				B1C83D03D77AB366CB6870F1 /* Sources */,
			);
			buildRules = (
			);
			dependencies = (
			);
			name = FipsProbe;
			packageProductDependencies = (
			);
			productName = FipsProbe;
			productReference = 58CBF61A4B2C951F69D27DAA /* FipsProbe.app */;
			productType = "com.apple.product-type.application";
		};
/* End PBXNativeTarget section */

/* Begin PBXProject section */
		02D37FC7E92CBDD6849D5809 /* Project object */ = {
			isa = PBXProject;
			attributes = {
				BuildIndependentTargetsInParallel = YES;
				LastUpgradeCheck = 1430;
				TargetAttributes = {
					CA8F344ADC5F6630DC1E4B31 = {
						DevelopmentTeam = 525WQ48Y72;
						ProvisioningStyle = Automatic;
					};
				};
			};
			buildConfigurationList = E8A0C5CC5491E44BF3CA4C1B /* Build configuration list for PBXProject "FipsProbe" */;
			developmentRegion = en;
			hasScannedForEncodings = 0;
			knownRegions = (
				Base,
				en,
			);
			mainGroup = 0842E5F976BCD85DB6FAFB43;
			minimizedProjectReferenceProxies = 1;
			preferredProjectObjectVersion = 77;
			productRefGroup = 1ABCDB8B747EF6A252FDEB87 /* Products */;
			projectDirPath = "";
			projectRoot = "";
			targets = (
				CA8F344ADC5F6630DC1E4B31 /* FipsProbe */,
			);
		};
/* End PBXProject section */

/* Begin PBXShellScriptBuildPhase section */
		7266D24B7C979C6459DCA259 /* Build FIPS Rust Library */ = {
			isa = PBXShellScriptBuildPhase;
			alwaysOutOfDate = 1;
			buildActionMask = 2147483647;
			files = (
			);
			inputFileListPaths = (
			);
			inputPaths = (
			);
			name = "Build FIPS Rust Library";
			outputFileListPaths = (
			);
			outputPaths = (
			);
			runOnlyForDeploymentPostprocessing = 0;
			shellPath = /bin/sh;
			shellScript = "\"$SRCROOT/build_fips_ios.sh\"\n";
		};
/* End PBXShellScriptBuildPhase section */

/* Begin PBXSourcesBuildPhase section */
		B1C83D03D77AB366CB6870F1 /* Sources */ = {
			isa = PBXSourcesBuildPhase;
			buildActionMask = 2147483647;
			files = (
				2B93E0F9FECA63E80CDB03D9 /* ContentView.swift in Sources */,
				DE222B390C2C54E580F985E5 /* FipsModel.swift in Sources */,
				13C2A4A8E86350C845C96532 /* FipsProbeApp.swift in Sources */,
			);
			runOnlyForDeploymentPostprocessing = 0;
		};
/* End PBXSourcesBuildPhase section */

/* Begin XCBuildConfiguration section */
		08B448E0A6F603E1E642239E /* Debug */ = {
			isa = XCBuildConfiguration;
			buildSettings = {
				ASSETCATALOG_COMPILER_APPICON_NAME = AppIcon;
				CODE_SIGN_IDENTITY = "iPhone Developer";
				CODE_SIGN_STYLE = Automatic;
				DEVELOPMENT_TEAM = 525WQ48Y72;
				ENABLE_USER_SCRIPT_SANDBOXING = NO;
				HEADER_SEARCH_PATHS = (
					"$(inherited)",
					"$(SRCROOT)/Sources",
				);
				INFOPLIST_FILE = Info.plist;
				LD_RUNPATH_SEARCH_PATHS = (
					"$(inherited)",
					"@executable_path/Frameworks",
				);
				LIBRARY_SEARCH_PATHS = (
					"$(inherited)",
					"$(SRCROOT)/build",
				);
				OTHER_LDFLAGS = (
					"$(inherited)",
					"-lfips_bridge_ffi",
				);
				PRODUCT_BUNDLE_IDENTIFIER = com.havenapp.fipsprobe;
				SDKROOT = iphoneos;
				SWIFT_OBJC_BRIDGING_HEADER = "Sources/FipsProbe-Bridging-Header.h";
				SWIFT_VERSION = 5.0;
				TARGETED_DEVICE_FAMILY = "1,2";
			};
			name = Debug;
		};
		16BFBFFD06AD6A0B91554E03 /* Release */ = {
			isa = XCBuildConfiguration;
			buildSettings = {
				ALWAYS_SEARCH_USER_PATHS = NO;
				CLANG_ANALYZER_NONNULL = YES;
				CLANG_ANALYZER_NUMBER_OBJECT_CONVERSION = YES_AGGRESSIVE;
				CLANG_CXX_LANGUAGE_STANDARD = "gnu++14";
				CLANG_CXX_LIBRARY = "libc++";
				CLANG_ENABLE_MODULES = YES;
				CLANG_ENABLE_OBJC_ARC = YES;
				CLANG_ENABLE_OBJC_WEAK = YES;
				CLANG_WARN_BLOCK_CAPTURE_AUTORELEASING = YES;
				CLANG_WARN_BOOL_CONVERSION = YES;
				CLANG_WARN_COMMA = YES;
				CLANG_WARN_CONSTANT_CONVERSION = YES;
				CLANG_WARN_DEPRECATED_OBJC_IMPLEMENTATIONS = YES;
				CLANG_WARN_DIRECT_OBJC_ISA_USAGE = YES_ERROR;
				CLANG_WARN_DOCUMENTATION_COMMENTS = YES;
				CLANG_WARN_EMPTY_BODY = YES;
				CLANG_WARN_ENUM_CONVERSION = YES;
				CLANG_WARN_INFINITE_RECURSION = YES;
				CLANG_WARN_INT_CONVERSION = YES;
				CLANG_WARN_NON_LITERAL_NULL_CONVERSION = YES;
				CLANG_WARN_OBJC_IMPLICIT_RETAIN_SELF = YES;
				CLANG_WARN_OBJC_LITERAL_CONVERSION = YES;
				CLANG_WARN_OBJC_ROOT_CLASS = YES_ERROR;
				CLANG_WARN_QUOTED_INCLUDE_IN_FRAMEWORK_HEADER = YES;
				CLANG_WARN_RANGE_LOOP_ANALYSIS = YES;
				CLANG_WARN_STRICT_PROTOTYPES = YES;
				CLANG_WARN_SUSPICIOUS_MOVE = YES;
				CLANG_WARN_UNGUARDED_AVAILABILITY = YES_AGGRESSIVE;
				CLANG_WARN_UNREACHABLE_CODE = YES;
				CLANG_WARN__DUPLICATE_METHOD_MATCH = YES;
				COPY_PHASE_STRIP = NO;
				DEBUG_INFORMATION_FORMAT = "dwarf-with-dsym";
				ENABLE_NS_ASSERTIONS = NO;
				ENABLE_STRICT_OBJC_MSGSEND = YES;
				GCC_C_LANGUAGE_STANDARD = gnu11;
				GCC_NO_COMMON_BLOCKS = YES;
				GCC_WARN_64_TO_32_BIT_CONVERSION = YES;
				GCC_WARN_ABOUT_RETURN_TYPE = YES_ERROR;
				GCC_WARN_UNDECLARED_SELECTOR = YES;
				GCC_WARN_UNINITIALIZED_AUTOS = YES_AGGRESSIVE;
				GCC_WARN_UNUSED_FUNCTION = YES;
				GCC_WARN_UNUSED_VARIABLE = YES;
				IPHONEOS_DEPLOYMENT_TARGET = 16.0;
				MTL_ENABLE_DEBUG_INFO = NO;
				MTL_FAST_MATH = YES;
				PRODUCT_NAME = "$(TARGET_NAME)";
				SDKROOT = iphoneos;
				SWIFT_COMPILATION_MODE = wholemodule;
				SWIFT_OPTIMIZATION_LEVEL = "-O";
				SWIFT_VERSION = 5.0;
			};
			name = Release;
		};
		61CB6F282BF8217E050953C8 /* Release */ = {
			isa = XCBuildConfiguration;
			buildSettings = {
				ASSETCATALOG_COMPILER_APPICON_NAME = AppIcon;
				CODE_SIGN_IDENTITY = "iPhone Developer";
				CODE_SIGN_STYLE = Automatic;
				DEVELOPMENT_TEAM = 525WQ48Y72;
				ENABLE_USER_SCRIPT_SANDBOXING = NO;
				HEADER_SEARCH_PATHS = (
					"$(inherited)",
					"$(SRCROOT)/Sources",
				);
				INFOPLIST_FILE = Info.plist;
				LD_RUNPATH_SEARCH_PATHS = (
					"$(inherited)",
					"@executable_path/Frameworks",
				);
				LIBRARY_SEARCH_PATHS = (
					"$(inherited)",
					"$(SRCROOT)/build",
				);
				OTHER_LDFLAGS = (
					"$(inherited)",
					"-lfips_bridge_ffi",
				);
				PRODUCT_BUNDLE_IDENTIFIER = com.havenapp.fipsprobe;
				SDKROOT = iphoneos;
				SWIFT_OBJC_BRIDGING_HEADER = "Sources/FipsProbe-Bridging-Header.h";
				SWIFT_VERSION = 5.0;
				TARGETED_DEVICE_FAMILY = "1,2";
			};
			name = Release;
		};
		9897158B2131CF01617F56E5 /* Debug */ = {
			isa = XCBuildConfiguration;
			buildSettings = {
				ALWAYS_SEARCH_USER_PATHS = NO;
				CLANG_ANALYZER_NONNULL = YES;
				CLANG_ANALYZER_NUMBER_OBJECT_CONVERSION = YES_AGGRESSIVE;
				CLANG_CXX_LANGUAGE_STANDARD = "gnu++14";
				CLANG_CXX_LIBRARY = "libc++";
				CLANG_ENABLE_MODULES = YES;
				CLANG_ENABLE_OBJC_ARC = YES;
				CLANG_ENABLE_OBJC_WEAK = YES;
				CLANG_WARN_BLOCK_CAPTURE_AUTORELEASING = YES;
				CLANG_WARN_BOOL_CONVERSION = YES;
				CLANG_WARN_COMMA = YES;
				CLANG_WARN_CONSTANT_CONVERSION = YES;
				CLANG_WARN_DEPRECATED_OBJC_IMPLEMENTATIONS = YES;
				CLANG_WARN_DIRECT_OBJC_ISA_USAGE = YES_ERROR;
				CLANG_WARN_DOCUMENTATION_COMMENTS = YES;
				CLANG_WARN_EMPTY_BODY = YES;
				CLANG_WARN_ENUM_CONVERSION = YES;
				CLANG_WARN_INFINITE_RECURSION = YES;
				CLANG_WARN_INT_CONVERSION = YES;
				CLANG_WARN_NON_LITERAL_NULL_CONVERSION = YES;
				CLANG_WARN_OBJC_IMPLICIT_RETAIN_SELF = YES;
				CLANG_WARN_OBJC_LITERAL_CONVERSION = YES;
				CLANG_WARN_OBJC_ROOT_CLASS = YES_ERROR;
				CLANG_WARN_QUOTED_INCLUDE_IN_FRAMEWORK_HEADER = YES;
				CLANG_WARN_RANGE_LOOP_ANALYSIS = YES;
				CLANG_WARN_STRICT_PROTOTYPES = YES;
				CLANG_WARN_SUSPICIOUS_MOVE = YES;
				CLANG_WARN_UNGUARDED_AVAILABILITY = YES_AGGRESSIVE;
				CLANG_WARN_UNREACHABLE_CODE = YES;
				CLANG_WARN__DUPLICATE_METHOD_MATCH = YES;
				COPY_PHASE_STRIP = NO;
				DEBUG_INFORMATION_FORMAT = dwarf;
				ENABLE_STRICT_OBJC_MSGSEND = YES;
				ENABLE_TESTABILITY = YES;
				GCC_C_LANGUAGE_STANDARD = gnu11;
				GCC_DYNAMIC_NO_PIC = NO;
				GCC_NO_COMMON_BLOCKS = YES;
				GCC_OPTIMIZATION_LEVEL = 0;
				GCC_PREPROCESSOR_DEFINITIONS = (
					"$(inherited)",
					"DEBUG=1",
				);
				GCC_WARN_64_TO_32_BIT_CONVERSION = YES;
				GCC_WARN_ABOUT_RETURN_TYPE = YES_ERROR;
				GCC_WARN_UNDECLARED_SELECTOR = YES;
				GCC_WARN_UNINITIALIZED_AUTOS = YES_AGGRESSIVE;
				GCC_WARN_UNUSED_FUNCTION = YES;
				GCC_WARN_UNUSED_VARIABLE = YES;
				IPHONEOS_DEPLOYMENT_TARGET = 16.0;
				MTL_ENABLE_DEBUG_INFO = INCLUDE_SOURCE;
				MTL_FAST_MATH = YES;
				ONLY_ACTIVE_ARCH = YES;
				PRODUCT_NAME = "$(TARGET_NAME)";
				SDKROOT = iphoneos;
				SWIFT_ACTIVE_COMPILATION_CONDITIONS = DEBUG;
				SWIFT_OPTIMIZATION_LEVEL = "-Onone";
				SWIFT_VERSION = 5.0;
			};
			name = Debug;
		};
/* End XCBuildConfiguration section */

/* Begin XCConfigurationList section */
		066F5DBB4C3394A774634169 /* Build configuration list for PBXNativeTarget "FipsProbe" */ = {
			isa = XCConfigurationList;
			buildConfigurations = (
				08B448E0A6F603E1E642239E /* Debug */,
				61CB6F282BF8217E050953C8 /* Release */,
			);
			defaultConfigurationIsVisible = 0;
			defaultConfigurationName = Debug;
		};
		E8A0C5CC5491E44BF3CA4C1B /* Build configuration list for PBXProject "FipsProbe" */ = {
			isa = XCConfigurationList;
			buildConfigurations = (
				9897158B2131CF01617F56E5 /* Debug */,
				16BFBFFD06AD6A0B91554E03 /* Release */,
			);
			defaultConfigurationIsVisible = 0;
			defaultConfigurationName = Debug;
		};
/* End XCConfigurationList section */
	};
	rootObject = 02D37FC7E92CBDD6849D5809 /* Project object */;
}
